{
  "name": "patatap",
  "version": "1.0.0",
  "lockfileVersion": 1,
  "requires": true,
  "dependencies": {
    "howler": {
      "version": "2.1.2",
      "resolved": "https://registry.npmjs.org/howler/-/howler-2.1.2.tgz",
      "integrity": "sha512-oKrTFaVXsDRoB/jik7cEpWKTj7VieoiuzMYJ7E/EU5ayvmpRhumCv3YQ3823zi9VTJkSWAhbryHnlZAionGAJg=="
    },
    "paper": {
      "version": "0.12.1",
      "resolved": "https://registry.npmjs.org/paper/-/paper-0.12.1.tgz",
      "integrity": "sha512-S5u+wzsE4tLq9Yb9bJH/h+F1HVZds0IMuEEvU5cl7qWWXi++3/MN2ouUlvLIfYizmibu8ldshO1ZHSJ7QvI9TA=="
    }
  }
}
